
Microsoft Visual Studio Solution File, Format Version 12.00
# Visual Studio Version 16
VisualStudioVersion = 16.0.31105.61
MinimumVisualStudioVersion = 10.0.40219.1
Project("{FAE04EC0-301F-11D3-BF4B-00C04F79EFBC}") = "PS06", "PS06\PS06.csproj", "{F6821823-7942-459F-B956-EABD2B7102A7}"
EndProject
Global
	GlobalSection(SolutionConfigurationPlatforms) = preSolution
		Debug|Any CPU = Debug|Any CPU
		Release|Any CPU = Release|Any CPU
	EndGlobalSection
	GlobalSection(ProjectConfigurationPlatforms) = postSolution
		{F6821823-7942-459F-B956-EABD2B7102A7}.Debug|Any CPU.ActiveCfg = Debug|Any CPU
		{F6821823-7942-459F-B956-EABD2B7102A7}.Debug|Any CPU.Build.0 = Debug|Any CPU
		{F6821823-7942-459F-B956-EABD2B7102A7}.Release|Any CPU.ActiveCfg = Release|Any CPU
		{F6821823-7942-459F-B956-EABD2B7102A7}.Release|Any CPU.Build.0 = Release|Any CPU
	EndGlobalSection
	GlobalSection(SolutionProperties) = preSolution
		HideSolutionNode = FALSE
	EndGlobalSection
	GlobalSection(ExtensibilityGlobals) = postSolution
		SolutionGuid = {DDDAE4A5-B073-4255-9114-99341F632263}
	EndGlobalSection
EndGlobal
